// !$*UTF8*$!
{
	archiveVersion = 1;
	classes = {
	};
	objectVersion = 56;
	objects = {

/* Begin PBXBuildFile section */
		113338E72982AAD600026925 /* RaMApp.swift in Sources */ = {isa = PBXBuildFile; fileRef = 113338E62982AAD600026925 /* RaMApp.swift */; };
		113338E92982AAD600026925 /* ContentView.swift in Sources */ = {isa = PBXBuildFile; fileRef = 113338E82982AAD600026925 /* ContentView.swift */; };
		113338EB2982AAD700026925 /* Assets.xcassets in Resources */ = {isa = PBXBuildFile; fileRef = 113338EA2982AAD700026925 /* Assets.xcassets */; };
		113338EE2982AAD700026925 /* Preview Assets.xcassets in Resources */ = {isa = PBXBuildFile; fileRef = 113338ED2982AAD700026925 /* Preview Assets.xcassets */; };
		113338F32982AAD700026925 /* RaM.xcdatamodeld in Sources */ = {isa = PBXBuildFile; fileRef = 113338F12982AAD700026925 /* RaM.xcdatamodeld */; };
		113338FD2982AAD700026925 /* RaMTests.swift in Sources */ = {isa = PBXBuildFile; fileRef = 113338FC2982AAD700026925 /* RaMTests.swift */; };
		113339182982B32D00026925 /* CharacterListViewModel.swift in Sources */ = {isa = PBXBuildFile; fileRef = 113339172982B32D00026925 /* CharacterListViewModel.swift */; };
		1133391B2982B39D00026925 /* CharacterListView.swift in Sources */ = {isa = PBXBuildFile; fileRef = 1133391A2982B39D00026925 /* CharacterListView.swift */; };
		1133391E2982B3D100026925 /* NetworkAPI.swift in Sources */ = {isa = PBXBuildFile; fileRef = 1133391D2982B3D100026925 /* NetworkAPI.swift */; };
		113339202982B49500026925 /* APIHandler.swift in Sources */ = {isa = PBXBuildFile; fileRef = 1133391F2982B49500026925 /* APIHandler.swift */; };
		113339232982B4C300026925 /* CharactersPage.swift in Sources */ = {isa = PBXBuildFile; fileRef = 113339222982B4C300026925 /* CharactersPage.swift */; };
		113339252982B4E900026925 /* PageInfo.swift in Sources */ = {isa = PBXBuildFile; fileRef = 113339242982B4E900026925 /* PageInfo.swift */; };
		113339272982B4F600026925 /* Character.swift in Sources */ = {isa = PBXBuildFile; fileRef = 113339262982B4F600026925 /* Character.swift */; };
		113339292982B4FE00026925 /* Location.swift in Sources */ = {isa = PBXBuildFile; fileRef = 113339282982B4FE00026925 /* Location.swift */; };
		1133392B2982B50600026925 /* Status.swift in Sources */ = {isa = PBXBuildFile; fileRef = 1133392A2982B50600026925 /* Status.swift */; };
		1133392D2982B63000026925 /* LinkSource.swift in Sources */ = {isa = PBXBuildFile; fileRef = 1133392C2982B63000026925 /* LinkSource.swift */; };
		1133392F2982B6DB00026925 /* CharacterListHandler.swift in Sources */ = {isa = PBXBuildFile; fileRef = 1133392E2982B6DB00026925 /* CharacterListHandler.swift */; };
		113339312982B8FB00026925 /* AllCharactersView.swift in Sources */ = {isa = PBXBuildFile; fileRef = 113339302982B8FB00026925 /* AllCharactersView.swift */; };
		113339332982C2A900026925 /* CharacterItemView.swift in Sources */ = {isa = PBXBuildFile; fileRef = 113339322982C2A900026925 /* CharacterItemView.swift */; };
		113339362982C2CE00026925 /* Color+.swift in Sources */ = {isa = PBXBuildFile; fileRef = 113339352982C2CE00026925 /* Color+.swift */; };
		113339382982C2F200026925 /* Image+.swift in Sources */ = {isa = PBXBuildFile; fileRef = 113339372982C2F200026925 /* Image+.swift */; };
		1133393A2982C31100026925 /* DefaultVariables.swift in Sources */ = {isa = PBXBuildFile; fileRef = 113339392982C31100026925 /* DefaultVariables.swift */; };
		1133393C2982C3A600026925 /* CharacterView.swift in Sources */ = {isa = PBXBuildFile; fileRef = 1133393B2982C3A600026925 /* CharacterView.swift */; };
		113339412982C75000026925 /* SwinjectInit.swift in Sources */ = {isa = PBXBuildFile; fileRef = 113339402982C75000026925 /* SwinjectInit.swift */; };
		113339432982C77600026925 /* Container+.swift in Sources */ = {isa = PBXBuildFile; fileRef = 113339422982C77600026925 /* Container+.swift */; };
		1133394B2982C86400026925 /* Swinject in Frameworks */ = {isa = PBXBuildFile; productRef = 1133394A2982C86400026925 /* Swinject */; };
		CCF3676A2982EB3200A3C65A /* SearchableView.swift in Sources */ = {isa = PBXBuildFile; fileRef = CCF367692982EB3200A3C65A /* SearchableView.swift */; };
		CCF3676D2982EBA200A3C65A /* SearchView.swift in Sources */ = {isa = PBXBuildFile; fileRef = CCF3676C2982EBA200A3C65A /* SearchView.swift */; };
		CCF3676F2982EBCB00A3C65A /* SearchViewModel.swift in Sources */ = {isa = PBXBuildFile; fileRef = CCF3676E2982EBCB00A3C65A /* SearchViewModel.swift */; };
		CCF367712982EBF000A3C65A /* SearchHandler.swift in Sources */ = {isa = PBXBuildFile; fileRef = CCF367702982EBF000A3C65A /* SearchHandler.swift */; };
		CCF367732982ED6D00A3C65A /* CharactersView.swift in Sources */ = {isa = PBXBuildFile; fileRef = CCF367722982ED6D00A3C65A /* CharactersView.swift */; };
		CCF367752982EF8800A3C65A /* CustomTabView.swift in Sources */ = {isa = PBXBuildFile; fileRef = CCF367742982EF8800A3C65A /* CustomTabView.swift */; };
		CCF367772982EFB900A3C65A /* EnvironmentValues+.swift in Sources */ = {isa = PBXBuildFile; fileRef = CCF367762982EFB900A3C65A /* EnvironmentValues+.swift */; };
/* End PBXBuildFile section */

/* Begin PBXContainerItemProxy section */
		113338F92982AAD700026925 /* PBXContainerItemProxy */ = {
			isa = PBXContainerItemProxy;
			containerPortal = 113338DB2982AAD600026925 /* Project object */;
			proxyType = 1;
			remoteGlobalIDString = 113338E22982AAD600026925;
			remoteInfo = RaM;
		};
		113339032982AAD700026925 /* PBXContainerItemProxy */ = {
			isa = PBXContainerItemProxy;
			containerPortal = 113338DB2982AAD600026925 /* Project object */;
			proxyType = 1;
			remoteGlobalIDString = 113338E22982AAD600026925;
			remoteInfo = RaM;
		};
/* End PBXContainerItemProxy section */

/* Begin PBXFileReference section */
		113338E32982AAD600026925 /* RaM.app */ = {isa = PBXFileReference; explicitFileType = wrapper.application; includeInIndex = 0; path = RaM.app; sourceTree = BUILT_PRODUCTS_DIR; };
		113338E62982AAD600026925 /* RaMApp.swift */ = {isa = PBXFileReference; lastKnownFileType = sourcecode.swift; path = RaMApp.swift; sourceTree = "<group>"; };
		113338E82982AAD600026925 /* ContentView.swift */ = {isa = PBXFileReference; lastKnownFileType = sourcecode.swift; path = ContentView.swift; sourceTree = "<group>"; };
		113338EA2982AAD700026925 /* Assets.xcassets */ = {isa = PBXFileReference; lastKnownFileType = folder.assetcatalog; path = Assets.xcassets; sourceTree = "<group>"; };
		113338ED2982AAD700026925 /* Preview Assets.xcassets */ = {isa = PBXFileReference; lastKnownFileType = folder.assetcatalog; path = "Preview Assets.xcassets"; sourceTree = "<group>"; };
		113338F22982AAD700026925 /* RaM.xcdatamodel */ = {isa = PBXFileReference; lastKnownFileType = wrapper.xcdatamodel; path = RaM.xcdatamodel; sourceTree = "<group>"; };
		113338F82982AAD700026925 /* RaMTests.xctest */ = {isa = PBXFileReference; explicitFileType = wrapper.cfbundle; includeInIndex = 0; path = RaMTests.xctest; sourceTree = BUILT_PRODUCTS_DIR; };
		113338FC2982AAD700026925 /* RaMTests.swift */ = {isa = PBXFileReference; lastKnownFileType = sourcecode.swift; path = RaMTests.swift; sourceTree = "<group>"; };
		113339022982AAD700026925 /* RaMUITests.xctest */ = {isa = PBXFileReference; explicitFileType = wrapper.cfbundle; includeInIndex = 0; path = RaMUITests.xctest; sourceTree = BUILT_PRODUCTS_DIR; };
		113339172982B32D00026925 /* CharacterListViewModel.swift */ = {isa = PBXFileReference; lastKnownFileType = sourcecode.swift; name = CharacterListViewModel.swift; path = RaM/VVM/AllCharacters/CharacterListViewModel.swift; sourceTree = SOURCE_ROOT; };
		1133391A2982B39D00026925 /* CharacterListView.swift */ = {isa = PBXFileReference; lastKnownFileType = sourcecode.swift; path = CharacterListView.swift; sourceTree = "<group>"; };
		1133391D2982B3D100026925 /* NetworkAPI.swift */ = {isa = PBXFileReference; lastKnownFileType = sourcecode.swift; path = NetworkAPI.swift; sourceTree = "<group>"; };
		1133391F2982B49500026925 /* APIHandler.swift */ = {isa = PBXFileReference; lastKnownFileType = sourcecode.swift; path = APIHandler.swift; sourceTree = "<group>"; };
		113339222982B4C300026925 /* CharactersPage.swift */ = {isa = PBXFileReference; lastKnownFileType = sourcecode.swift; path = CharactersPage.swift; sourceTree = "<group>"; };
		113339242982B4E900026925 /* PageInfo.swift */ = {isa = PBXFileReference; lastKnownFileType = sourcecode.swift; path = PageInfo.swift; sourceTree = "<group>"; };
		113339262982B4F600026925 /* Character.swift */ = {isa = PBXFileReference; lastKnownFileType = sourcecode.swift; path = Character.swift; sourceTree = "<group>"; };
		113339282982B4FE00026925 /* Location.swift */ = {isa = PBXFileReference; lastKnownFileType = sourcecode.swift; path = Location.swift; sourceTree = "<group>"; };
		1133392A2982B50600026925 /* Status.swift */ = {isa = PBXFileReference; lastKnownFileType = sourcecode.swift; path = Status.swift; sourceTree = "<group>"; };
		1133392C2982B63000026925 /* LinkSource.swift */ = {isa = PBXFileReference; lastKnownFileType = sourcecode.swift; path = LinkSource.swift; sourceTree = "<group>"; };
		1133392E2982B6DB00026925 /* CharacterListHandler.swift */ = {isa = PBXFileReference; lastKnownFileType = sourcecode.swift; path = CharacterListHandler.swift; sourceTree = "<group>"; };
		113339302982B8FB00026925 /* AllCharactersView.swift */ = {isa = PBXFileReference; lastKnownFileType = sourcecode.swift; path = AllCharactersView.swift; sourceTree = "<group>"; };
		113339322982C2A900026925 /* CharacterItemView.swift */ = {isa = PBXFileReference; lastKnownFileType = sourcecode.swift; path = CharacterItemView.swift; sourceTree = "<group>"; };
		113339352982C2CE00026925 /* Color+.swift */ = {isa = PBXFileReference; lastKnownFileType = sourcecode.swift; path = "Color+.swift"; sourceTree = "<group>"; };
		113339372982C2F200026925 /* Image+.swift */ = {isa = PBXFileReference; lastKnownFileType = sourcecode.swift; path = "Image+.swift"; sourceTree = "<group>"; };
		113339392982C31100026925 /* DefaultVariables.swift */ = {isa = PBXFileReference; lastKnownFileType = sourcecode.swift; path = DefaultVariables.swift; sourceTree = "<group>"; };
		1133393B2982C3A600026925 /* CharacterView.swift */ = {isa = PBXFileReference; lastKnownFileType = sourcecode.swift; path = CharacterView.swift; sourceTree = "<group>"; };
		113339402982C75000026925 /* SwinjectInit.swift */ = {isa = PBXFileReference; lastKnownFileType = sourcecode.swift; path = SwinjectInit.swift; sourceTree = "<group>"; };
		113339422982C77600026925 /* Container+.swift */ = {isa = PBXFileReference; lastKnownFileType = sourcecode.swift; path = "Container+.swift"; sourceTree = "<group>"; };
		CCF367672982E9FB00A3C65A /* Info.plist */ = {isa = PBXFileReference; lastKnownFileType = text.plist; path = Info.plist; sourceTree = "<group>"; };
		CCF367692982EB3200A3C65A /* SearchableView.swift */ = {isa = PBXFileReference; lastKnownFileType = sourcecode.swift; path = SearchableView.swift; sourceTree = "<group>"; };
		CCF3676C2982EBA200A3C65A /* SearchView.swift */ = {isa = PBXFileReference; lastKnownFileType = sourcecode.swift; path = SearchView.swift; sourceTree = "<group>"; };
		CCF3676E2982EBCB00A3C65A /* SearchViewModel.swift */ = {isa = PBXFileReference; lastKnownFileType = sourcecode.swift; path = SearchViewModel.swift; sourceTree = "<group>"; };
		CCF367702982EBF000A3C65A /* SearchHandler.swift */ = {isa = PBXFileReference; lastKnownFileType = sourcecode.swift; path = SearchHandler.swift; sourceTree = "<group>"; };
		CCF367722982ED6D00A3C65A /* CharactersView.swift */ = {isa = PBXFileReference; lastKnownFileType = sourcecode.swift; path = CharactersView.swift; sourceTree = "<group>"; };
		CCF367742982EF8800A3C65A /* CustomTabView.swift */ = {isa = PBXFileReference; lastKnownFileType = sourcecode.swift; path = CustomTabView.swift; sourceTree = "<group>"; };
		CCF367762982EFB900A3C65A /* EnvironmentValues+.swift */ = {isa = PBXFileReference; lastKnownFileType = sourcecode.swift; path = "EnvironmentValues+.swift"; sourceTree = "<group>"; };
/* End PBXFileReference section */

/* Begin PBXFrameworksBuildPhase section */
		113338E02982AAD600026925 /* Frameworks */ = {
			isa = PBXFrameworksBuildPhase;
			buildActionMask = 2147483647;
			files = (
				1133394B2982C86400026925 /* Swinject in Frameworks */,
			);
			runOnlyForDeploymentPostprocessing = 0;
		};
		113338F52982AAD700026925 /* Frameworks */ = {
			isa = PBXFrameworksBuildPhase;
			buildActionMask = 2147483647;
			files = (
			);
			runOnlyForDeploymentPostprocessing = 0;
		};
		113338FF2982AAD700026925 /* Frameworks */ = {
			isa = PBXFrameworksBuildPhase;
			buildActionMask = 2147483647;
			files = (
			);
			runOnlyForDeploymentPostprocessing = 0;
		};
/* End PBXFrameworksBuildPhase section */

/* Begin PBXGroup section */
		113338DA2982AAD600026925 = {
			isa = PBXGroup;
			children = (
				113338E52982AAD600026925 /* RaM */,
				113338FB2982AAD700026925 /* RaMTests */,
				113338E42982AAD600026925 /* Products */,
			);
			sourceTree = "<group>";
		};
		113338E42982AAD600026925 /* Products */ = {
			isa = PBXGroup;
			children = (
				113338E32982AAD600026925 /* RaM.app */,
				113338F82982AAD700026925 /* RaMTests.xctest */,
				113339022982AAD700026925 /* RaMUITests.xctest */,
			);
			name = Products;
			sourceTree = "<group>";
		};
		113338E52982AAD600026925 /* RaM */ = {
			isa = PBXGroup;
			children = (
				CCF367682982EB1500A3C65A /* Components */,
				CCF367672982E9FB00A3C65A /* Info.plist */,
				113339342982C2C200026925 /* Extension */,
				1133391C2982B3AC00026925 /* Utilities */,
				113339212982B4AF00026925 /* Model */,
				113339162982B22100026925 /* VVM */,
				113338E62982AAD600026925 /* RaMApp.swift */,
				113338E82982AAD600026925 /* ContentView.swift */,
				113338EA2982AAD700026925 /* Assets.xcassets */,
				113338F12982AAD700026925 /* RaM.xcdatamodeld */,
				113338EC2982AAD700026925 /* Preview Content */,
			);
			path = RaM;
			sourceTree = "<group>";
		};
		113338EC2982AAD700026925 /* Preview Content */ = {
			isa = PBXGroup;
			children = (
				113338ED2982AAD700026925 /* Preview Assets.xcassets */,
			);
			path = "Preview Content";
			sourceTree = "<group>";
		};
		113338FB2982AAD700026925 /* RaMTests */ = {
			isa = PBXGroup;
			children = (
				113338FC2982AAD700026925 /* RaMTests.swift */,
			);
			path = RaMTests;
			sourceTree = "<group>";
		};
		113339162982B22100026925 /* VVM */ = {
			isa = PBXGroup;
			children = (
				CCF3676B2982EB8000A3C65A /* Search */,
				1133391A2982B39D00026925 /* CharacterListView.swift */,
				113339192982B33A00026925 /* AllCharacters */,
				113339322982C2A900026925 /* CharacterItemView.swift */,
				1133393B2982C3A600026925 /* CharacterView.swift */,
				CCF367722982ED6D00A3C65A /* CharactersView.swift */,
			);
			path = VVM;
			sourceTree = "<group>";
		};
		113339192982B33A00026925 /* AllCharacters */ = {
			isa = PBXGroup;
			children = (
				113339172982B32D00026925 /* CharacterListViewModel.swift */,
				113339302982B8FB00026925 /* AllCharactersView.swift */,
			);
			path = AllCharacters;
			sourceTree = "<group>";
		};
		1133391C2982B3AC00026925 /* Utilities */ = {
			isa = PBXGroup;
			children = (
				1133391D2982B3D100026925 /* NetworkAPI.swift */,
				1133391F2982B49500026925 /* APIHandler.swift */,
				1133392C2982B63000026925 /* LinkSource.swift */,
				1133392E2982B6DB00026925 /* CharacterListHandler.swift */,
				113339392982C31100026925 /* DefaultVariables.swift */,
				113339402982C75000026925 /* SwinjectInit.swift */,
				CCF367702982EBF000A3C65A /* SearchHandler.swift */,
			);
			path = Utilities;
			sourceTree = "<group>";
		};
		113339212982B4AF00026925 /* Model */ = {
			isa = PBXGroup;
			children = (
				113339222982B4C300026925 /* CharactersPage.swift */,
				113339242982B4E900026925 /* PageInfo.swift */,
				113339262982B4F600026925 /* Character.swift */,
				113339282982B4FE00026925 /* Location.swift */,
				1133392A2982B50600026925 /* Status.swift */,
			);
			path = Model;
			sourceTree = "<group>";
		};
		113339342982C2C200026925 /* Extension */ = {
			isa = PBXGroup;
			children = (
				113339352982C2CE00026925 /* Color+.swift */,
				113339372982C2F200026925 /* Image+.swift */,
				113339422982C77600026925 /* Container+.swift */,
				CCF367762982EFB900A3C65A /* EnvironmentValues+.swift */,
			);
			path = Extension;
			sourceTree = "<group>";
		};
		CCF367682982EB1500A3C65A /* Components */ = {
			isa = PBXGroup;
			children = (
				CCF367692982EB3200A3C65A /* SearchableView.swift */,
				CCF367742982EF8800A3C65A /* CustomTabView.swift */,
			);
			path = Components;
			sourceTree = "<group>";
		};
		CCF3676B2982EB8000A3C65A /* Search */ = {
			isa = PBXGroup;
			children = (
				CCF3676C2982EBA200A3C65A /* SearchView.swift */,
				CCF3676E2982EBCB00A3C65A /* SearchViewModel.swift */,
			);
			path = Search;
			sourceTree = "<group>";
		};
/* End PBXGroup section */

/* Begin PBXNativeTarget section */
		113338E22982AAD600026925 /* RaM */ = {
			isa = PBXNativeTarget;
			buildConfigurationList = 1133390C2982AAD700026925 /* Build configuration list for PBXNativeTarget "RaM" */;
			buildPhases = (
				113338DF2982AAD600026925 /* Sources */,
				113338E02982AAD600026925 /* Frameworks */,
				113338E12982AAD600026925 /* Resources */,
				113339152982AD1000026925 /* ShellScript */,
			);
			buildRules = (
			);
			dependencies = (
			);
			name = RaM;
			packageProductDependencies = (
				1133394A2982C86400026925 /* Swinject */,
			);
			productName = RaM;
			productReference = 113338E32982AAD600026925 /* RaM.app */;
			productType = "com.apple.product-type.application";
		};
		113338F72982AAD700026925 /* RaMTests */ = {
			isa = PBXNativeTarget;
			buildConfigurationList = 1133390F2982AAD700026925 /* Build configuration list for PBXNativeTarget "RaMTests" */;
			buildPhases = (
				113338F42982AAD700026925 /* Sources */,
				113338F52982AAD700026925 /* Frameworks */,
				113338F62982AAD700026925 /* Resources */,
			);
			buildRules = (
			);
			dependencies = (
				113338FA2982AAD700026925 /* PBXTargetDependency */,
			);
			name = RaMTests;
			productName = RaMTests;
			productReference = 113338F82982AAD700026925 /* RaMTests.xctest */;
			productType = "com.apple.product-type.bundle.unit-test";
		};
		113339012982AAD700026925 /* RaMUITests */ = {
			isa = PBXNativeTarget;
			buildConfigurationList = 113339122982AAD700026925 /* Build configuration list for PBXNativeTarget "RaMUITests" */;
			buildPhases = (
				113338FE2982AAD700026925 /* Sources */,
				113338FF2982AAD700026925 /* Frameworks */,
				113339002982AAD700026925 /* Resources */,
			);
			buildRules = (
			);
			dependencies = (
				113339042982AAD700026925 /* PBXTargetDependency */,
			);
			name = RaMUITests;
			productName = RaMUITests;
			productReference = 113339022982AAD700026925 /* RaMUITests.xctest */;
			productType = "com.apple.product-type.bundle.ui-testing";
		};
/* End PBXNativeTarget section */

/* Begin PBXProject section */
		113338DB2982AAD600026925 /* Project object */ = {
			isa = PBXProject;
			attributes = {
				BuildIndependentTargetsInParallel = 1;
				LastSwiftUpdateCheck = 1410;
				LastUpgradeCheck = 1410;
				TargetAttributes = {
					113338E22982AAD600026925 = {
						CreatedOnToolsVersion = 14.1;
					};
					113338F72982AAD700026925 = {
						CreatedOnToolsVersion = 14.1;
						TestTargetID = 113338E22982AAD600026925;
					};
					113339012982AAD700026925 = {
						CreatedOnToolsVersion = 14.1;
						TestTargetID = 113338E22982AAD600026925;
					};
				};
			};
			buildConfigurationList = 113338DE2982AAD600026925 /* Build configuration list for PBXProject "RaM" */;
			compatibilityVersion = "Xcode 14.0";
			developmentRegion = en;
			hasScannedForEncodings = 0;
			knownRegions = (
				en,
				Base,
			);
			mainGroup = 113338DA2982AAD600026925;
			packageReferences = (
				113339492982C86400026925 /* XCRemoteSwiftPackageReference "Swinject" */,
			);
			productRefGroup = 113338E42982AAD600026925 /* Products */;
			projectDirPath = "";
			projectRoot = "";
			targets = (
				113338E22982AAD600026925 /* RaM */,
				113338F72982AAD700026925 /* RaMTests */,
				113339012982AAD700026925 /* RaMUITests */,
			);
		};
/* End PBXProject section */

/* Begin PBXResourcesBuildPhase section */
		113338E12982AAD600026925 /* Resources */ = {
			isa = PBXResourcesBuildPhase;
			buildActionMask = 2147483647;
			files = (
				113338EE2982AAD700026925 /* Preview Assets.xcassets in Resources */,
				113338EB2982AAD700026925 /* Assets.xcassets in Resources */,
			);
			runOnlyForDeploymentPostprocessing = 0;
		};
		113338F62982AAD700026925 /* Resources */ = {
			isa = PBXResourcesBuildPhase;
			buildActionMask = 2147483647;
			files = (
			);
			runOnlyForDeploymentPostprocessing = 0;
		};
		113339002982AAD700026925 /* Resources */ = {
			isa = PBXResourcesBuildPhase;
			buildActionMask = 2147483647;
			files = (
			);
			runOnlyForDeploymentPostprocessing = 0;
		};
/* End PBXResourcesBuildPhase section */

/* Begin PBXShellScriptBuildPhase section */
		113339152982AD1000026925 /* ShellScript */ = {
			isa = PBXShellScriptBuildPhase;
			alwaysOutOfDate = 1;
			buildActionMask = 2147483647;
			files = (
			);
			inputFileListPaths = (
			);
			inputPaths = (
			);
			outputFileListPaths = (
			);
			outputPaths = (
			);
			runOnlyForDeploymentPostprocessing = 0;
			shellPath = /bin/sh;
			shellScript = "export PATH=\"$PATH:/opt/homebrew/bin\"\nif which swiftlint > /dev/null; then\n  swiftlint\nelse\n  echo \"warning: SwiftLint not installed, download from https://github.com/realm/SwiftLint\"\nfi\n";
		};
/* End PBXShellScriptBuildPhase section */

/* Begin PBXSourcesBuildPhase section */
		113338DF2982AAD600026925 /* Sources */ = {
			isa = PBXSourcesBuildPhase;
			buildActionMask = 2147483647;
			files = (
				1133392D2982B63000026925 /* LinkSource.swift in Sources */,
				113339202982B49500026925 /* APIHandler.swift in Sources */,
				1133393C2982C3A600026925 /* CharacterView.swift in Sources */,
				1133392B2982B50600026925 /* Status.swift in Sources */,
				CCF3676D2982EBA200A3C65A /* SearchView.swift in Sources */,
				113339292982B4FE00026925 /* Location.swift in Sources */,
				CCF367772982EFB900A3C65A /* EnvironmentValues+.swift in Sources */,
				113339362982C2CE00026925 /* Color+.swift in Sources */,
				1133392F2982B6DB00026925 /* CharacterListHandler.swift in Sources */,
				113338F32982AAD700026925 /* RaM.xcdatamodeld in Sources */,
				113338E92982AAD600026925 /* ContentView.swift in Sources */,
				CCF3676A2982EB3200A3C65A /* SearchableView.swift in Sources */,
				113339432982C77600026925 /* Container+.swift in Sources */,
				1133391B2982B39D00026925 /* CharacterListView.swift in Sources */,
				1133393A2982C31100026925 /* DefaultVariables.swift in Sources */,
				CCF367732982ED6D00A3C65A /* CharactersView.swift in Sources */,
				113339412982C75000026925 /* SwinjectInit.swift in Sources */,
				113339232982B4C300026925 /* CharactersPage.swift in Sources */,
				113339332982C2A900026925 /* CharacterItemView.swift in Sources */,
				113339252982B4E900026925 /* PageInfo.swift in Sources */,
				CCF367712982EBF000A3C65A /* SearchHandler.swift in Sources */,
				113338E72982AAD600026925 /* RaMApp.swift in Sources */,
				113339382982C2F200026925 /* Image+.swift in Sources */,
				113339272982B4F600026925 /* Character.swift in Sources */,
				CCF3676F2982EBCB00A3C65A /* SearchViewModel.swift in Sources */,
				1133391E2982B3D100026925 /* NetworkAPI.swift in Sources */,
				113339312982B8FB00026925 /* AllCharactersView.swift in Sources */,
				113339182982B32D00026925 /* CharacterListViewModel.swift in Sources */,
				CCF367752982EF8800A3C65A /* CustomTabView.swift in Sources */,
			);
			runOnlyForDeploymentPostprocessing = 0;
		};
		113338F42982AAD700026925 /* Sources */ = {
			isa = PBXSourcesBuildPhase;
			buildActionMask = 2147483647;
			files = (
				113338FD2982AAD700026925 /* RaMTests.swift in Sources */,
			);
			runOnlyForDeploymentPostprocessing = 0;
		};
		113338FE2982AAD700026925 /* Sources */ = {
			isa = PBXSourcesBuildPhase;
			buildActionMask = 2147483647;
			files = (
			);
			runOnlyForDeploymentPostprocessing = 0;
		};
/* End PBXSourcesBuildPhase section */

/* Begin PBXTargetDependency section */
		113338FA2982AAD700026925 /* PBXTargetDependency */ = {
			isa = PBXTargetDependency;
			target = 113338E22982AAD600026925 /* RaM */;
			targetProxy = 113338F92982AAD700026925 /* PBXContainerItemProxy */;
		};
		113339042982AAD700026925 /* PBXTargetDependency */ = {
			isa = PBXTargetDependency;
			target = 113338E22982AAD600026925 /* RaM */;
			targetProxy = 113339032982AAD700026925 /* PBXContainerItemProxy */;
		};
/* End PBXTargetDependency section */

/* Begin XCBuildConfiguration section */
		1133390A2982AAD700026925 /* Debug */ = {
			isa = XCBuildConfiguration;
			buildSettings = {
				ALWAYS_SEARCH_USER_PATHS = NO;
				CLANG_ANALYZER_NONNULL = YES;
				CLANG_ANALYZER_NUMBER_OBJECT_CONVERSION = YES_AGGRESSIVE;
				CLANG_CXX_LANGUAGE_STANDARD = "gnu++20";
				CLANG_ENABLE_MODULES = YES;
				CLANG_ENABLE_OBJC_ARC = YES;
				CLANG_ENABLE_OBJC_WEAK = YES;
				CLANG_WARN_BLOCK_CAPTURE_AUTORELEASING = YES;
				CLANG_WARN_BOOL_CONVERSION = YES;
				CLANG_WARN_COMMA = YES;
				CLANG_WARN_CONSTANT_CONVERSION = YES;
				CLANG_WARN_DEPRECATED_OBJC_IMPLEMENTATIONS = YES;
				CLANG_WARN_DIRECT_OBJC_ISA_USAGE = YES_ERROR;
				CLANG_WARN_DOCUMENTATION_COMMENTS = YES;
				CLANG_WARN_EMPTY_BODY = YES;
				CLANG_WARN_ENUM_CONVERSION = YES;
				CLANG_WARN_INFINITE_RECURSION = YES;
				CLANG_WARN_INT_CONVERSION = YES;
				CLANG_WARN_NON_LITERAL_NULL_CONVERSION = YES;
				CLANG_WARN_OBJC_IMPLICIT_RETAIN_SELF = YES;
				CLANG_WARN_OBJC_LITERAL_CONVERSION = YES;
				CLANG_WARN_OBJC_ROOT_CLASS = YES_ERROR;
				CLANG_WARN_QUOTED_INCLUDE_IN_FRAMEWORK_HEADER = YES;
				CLANG_WARN_RANGE_LOOP_ANALYSIS = YES;
				CLANG_WARN_STRICT_PROTOTYPES = YES;
				CLANG_WARN_SUSPICIOUS_MOVE = YES;
				CLANG_WARN_UNGUARDED_AVAILABILITY = YES_AGGRESSIVE;
				CLANG_WARN_UNREACHABLE_CODE = YES;
				CLANG_WARN__DUPLICATE_METHOD_MATCH = YES;
				COPY_PHASE_STRIP = NO;
				DEBUG_INFORMATION_FORMAT = dwarf;
				ENABLE_STRICT_OBJC_MSGSEND = YES;
				ENABLE_TESTABILITY = YES;
				GCC_C_LANGUAGE_STANDARD = gnu11;
				GCC_DYNAMIC_NO_PIC = NO;
				GCC_NO_COMMON_BLOCKS = YES;
				GCC_OPTIMIZATION_LEVEL = 0;
				GCC_PREPROCESSOR_DEFINITIONS = (
					"DEBUG=1",
					"$(inherited)",
				);
				GCC_WARN_64_TO_32_BIT_CONVERSION = YES;
				GCC_WARN_ABOUT_RETURN_TYPE = YES_ERROR;
				GCC_WARN_UNDECLARED_SELECTOR = YES;
				GCC_WARN_UNINITIALIZED_AUTOS = YES_AGGRESSIVE;
				GCC_WARN_UNUSED_FUNCTION = YES;
				GCC_WARN_UNUSED_VARIABLE = YES;
				IPHONEOS_DEPLOYMENT_TARGET = 16.1;
				MTL_ENABLE_DEBUG_INFO = INCLUDE_SOURCE;
				MTL_FAST_MATH = YES;
				ONLY_ACTIVE_ARCH = YES;
				SDKROOT = iphoneos;
				SWIFT_ACTIVE_COMPILATION_CONDITIONS = DEBUG;
				SWIFT_OPTIMIZATION_LEVEL = "-Onone";
			};
			name = Debug;
		};
		1133390B2982AAD700026925 /* Release */ = {
			isa = XCBuildConfiguration;
			buildSettings = {
				ALWAYS_SEARCH_USER_PATHS = NO;
				CLANG_ANALYZER_NONNULL = YES;
				CLANG_ANALYZER_NUMBER_OBJECT_CONVERSION = YES_AGGRESSIVE;
				CLANG_CXX_LANGUAGE_STANDARD = "gnu++20";
				CLANG_ENABLE_MODULES = YES;
				CLANG_ENABLE_OBJC_ARC = YES;
				CLANG_ENABLE_OBJC_WEAK = YES;
				CLANG_WARN_BLOCK_CAPTURE_AUTORELEASING = YES;
				CLANG_WARN_BOOL_CONVERSION = YES;
				CLANG_WARN_COMMA = YES;
				CLANG_WARN_CONSTANT_CONVERSION = YES;
				CLANG_WARN_DEPRECATED_OBJC_IMPLEMENTATIONS = YES;
				CLANG_WARN_DIRECT_OBJC_ISA_USAGE = YES_ERROR;
				CLANG_WARN_DOCUMENTATION_COMMENTS = YES;
				CLANG_WARN_EMPTY_BODY = YES;
				CLANG_WARN_ENUM_CONVERSION = YES;
				CLANG_WARN_INFINITE_RECURSION = YES;
				CLANG_WARN_INT_CONVERSION = YES;
				CLANG_WARN_NON_LITERAL_NULL_CONVERSION = YES;
				CLANG_WARN_OBJC_IMPLICIT_RETAIN_SELF = YES;
				CLANG_WARN_OBJC_LITERAL_CONVERSION = YES;
				CLANG_WARN_OBJC_ROOT_CLASS = YES_ERROR;
				CLANG_WARN_QUOTED_INCLUDE_IN_FRAMEWORK_HEADER = YES;
				CLANG_WARN_RANGE_LOOP_ANALYSIS = YES;
				CLANG_WARN_STRICT_PROTOTYPES = YES;
				CLANG_WARN_SUSPICIOUS_MOVE = YES;
				CLANG_WARN_UNGUARDED_AVAILABILITY = YES_AGGRESSIVE;
				CLANG_WARN_UNREACHABLE_CODE = YES;
				CLANG_WARN__DUPLICATE_METHOD_MATCH = YES;
				COPY_PHASE_STRIP = NO;
				DEBUG_INFORMATION_FORMAT = "dwarf-with-dsym";
				ENABLE_NS_ASSERTIONS = NO;
				ENABLE_STRICT_OBJC_MSGSEND = YES;
				GCC_C_LANGUAGE_STANDARD = gnu11;
				GCC_NO_COMMON_BLOCKS = YES;
				GCC_WARN_64_TO_32_BIT_CONVERSION = YES;
				GCC_WARN_ABOUT_RETURN_TYPE = YES_ERROR;
				GCC_WARN_UNDECLARED_SELECTOR = YES;
				GCC_WARN_UNINITIALIZED_AUTOS = YES_AGGRESSIVE;
				GCC_WARN_UNUSED_FUNCTION = YES;
				GCC_WARN_UNUSED_VARIABLE = YES;
				IPHONEOS_DEPLOYMENT_TARGET = 16.1;
				MTL_ENABLE_DEBUG_INFO = NO;
				MTL_FAST_MATH = YES;
				SDKROOT = iphoneos;
				SWIFT_COMPILATION_MODE = wholemodule;
				SWIFT_OPTIMIZATION_LEVEL = "-O";
				VALIDATE_PRODUCT = YES;
			};
			name = Release;
		};
		1133390D2982AAD700026925 /* Debug */ = {
			isa = XCBuildConfiguration;
			buildSettings = {
				ASSETCATALOG_COMPILER_APPICON_NAME = AppIcon;
				ASSETCATALOG_COMPILER_GLOBAL_ACCENT_COLOR_NAME = AccentColor;
				CODE_SIGN_STYLE = Automatic;
				CURRENT_PROJECT_VERSION = 1;
				DEVELOPMENT_ASSET_PATHS = "\"RaM/Preview Content\"";
				DEVELOPMENT_TEAM = YUZLMRGGBB;
				ENABLE_PREVIEWS = YES;
				GENERATE_INFOPLIST_FILE = YES;
				INFOPLIST_FILE = RaM/Info.plist;
				INFOPLIST_KEY_UIApplicationSupportsIndirectInputEvents = YES;
				INFOPLIST_KEY_UILaunchScreen_Generation = YES;
				INFOPLIST_KEY_UISupportedInterfaceOrientations_iPad = "UIInterfaceOrientationPortrait UIInterfaceOrientationPortraitUpsideDown UIInterfaceOrientationLandscapeLeft UIInterfaceOrientationLandscapeRight";
				INFOPLIST_KEY_UISupportedInterfaceOrientations_iPhone = "UIInterfaceOrientationPortrait UIInterfaceOrientationLandscapeLeft UIInterfaceOrientationLandscapeRight";
				LD_RUNPATH_SEARCH_PATHS = (
					"$(inherited)",
					"@executable_path/Frameworks",
				);
				MARKETING_VERSION = 1.0;
				PRODUCT_BUNDLE_IDENTIFIER = ETU.Just.RaM;
				PRODUCT_NAME = "$(TARGET_NAME)";
				SWIFT_EMIT_LOC_STRINGS = YES;
				SWIFT_VERSION = 5.0;
				TARGETED_DEVICE_FAMILY = "1,2";
			};
			name = Debug;
		};
		1133390E2982AAD700026925 /* Release */ = {
			isa = XCBuildConfiguration;
			buildSettings = {
				ASSETCATALOG_COMPILER_APPICON_NAME = AppIcon;
				ASSETCATALOG_COMPILER_GLOBAL_ACCENT_COLOR_NAME = AccentColor;
				CODE_SIGN_STYLE = Automatic;
				CURRENT_PROJECT_VERSION = 1;
				DEVELOPMENT_ASSET_PATHS = "\"RaM/Preview Content\"";
				DEVELOPMENT_TEAM = YUZLMRGGBB;
				ENABLE_PREVIEWS = YES;
				GENERATE_INFOPLIST_FILE = YES;
				INFOPLIST_FILE = RaM/Info.plist;
				INFOPLIST_KEY_UIApplicationSupportsIndirectInputEvents = YES;
				INFOPLIST_KEY_UILaunchScreen_Generation = YES;
				INFOPLIST_KEY_UISupportedInterfaceOrientations_iPad = "UIInterfaceOrientationPortrait UIInterfaceOrientationPortraitUpsideDown UIInterfaceOrientationLandscapeLeft UIInterfaceOrientationLandscapeRight";
				INFOPLIST_KEY_UISupportedInterfaceOrientations_iPhone = "UIInterfaceOrientationPortrait UIInterfaceOrientationLandscapeLeft UIInterfaceOrientationLandscapeRight";
				LD_RUNPATH_SEARCH_PATHS = (
					"$(inherited)",
					"@executable_path/Frameworks",
				);
				MARKETING_VERSION = 1.0;
				PRODUCT_BUNDLE_IDENTIFIER = ETU.Just.RaM;
				PRODUCT_NAME = "$(TARGET_NAME)";
				SWIFT_EMIT_LOC_STRINGS = YES;
				SWIFT_VERSION = 5.0;
				TARGETED_DEVICE_FAMILY = "1,2";
			};
			name = Release;
		};
		113339102982AAD700026925 /* Debug */ = {
			isa = XCBuildConfiguration;
			buildSettings = {
				ALWAYS_EMBED_SWIFT_STANDARD_LIBRARIES = YES;
				BUNDLE_LOADER = "$(TEST_HOST)";
				CODE_SIGN_STYLE = Automatic;
				CURRENT_PROJECT_VERSION = 1;
				GENERATE_INFOPLIST_FILE = YES;
				IPHONEOS_DEPLOYMENT_TARGET = 16.1;
				MARKETING_VERSION = 1.0;
				PRODUCT_BUNDLE_IDENTIFIER = ETU.Just.RaMTests;
				PRODUCT_NAME = "$(TARGET_NAME)";
				SWIFT_EMIT_LOC_STRINGS = NO;
				SWIFT_VERSION = 5.0;
				TARGETED_DEVICE_FAMILY = "1,2";
				TEST_HOST = "$(BUILT_PRODUCTS_DIR)/RaM.app/$(BUNDLE_EXECUTABLE_FOLDER_PATH)/RaM";
			};
			name = Debug;
		};
		113339112982AAD700026925 /* Release */ = {
			isa = XCBuildConfiguration;
			buildSettings = {
				ALWAYS_EMBED_SWIFT_STANDARD_LIBRARIES = YES;
				BUNDLE_LOADER = "$(TEST_HOST)";
				CODE_SIGN_STYLE = Automatic;
				CURRENT_PROJECT_VERSION = 1;
				GENERATE_INFOPLIST_FILE = YES;
				IPHONEOS_DEPLOYMENT_TARGET = 16.1;
				MARKETING_VERSION = 1.0;
				PRODUCT_BUNDLE_IDENTIFIER = ETU.Just.RaMTests;
				PRODUCT_NAME = "$(TARGET_NAME)";
				SWIFT_EMIT_LOC_STRINGS = NO;
				SWIFT_VERSION = 5.0;
				TARGETED_DEVICE_FAMILY = "1,2";
				TEST_HOST = "$(BUILT_PRODUCTS_DIR)/RaM.app/$(BUNDLE_EXECUTABLE_FOLDER_PATH)/RaM";
			};
			name = Release;
		};
		113339132982AAD700026925 /* Debug */ = {
			isa = XCBuildConfiguration;
			buildSettings = {
				ALWAYS_EMBED_SWIFT_STANDARD_LIBRARIES = YES;
				CODE_SIGN_STYLE = Automatic;
				CURRENT_PROJECT_VERSION = 1;
				GENERATE_INFOPLIST_FILE = YES;
				MARKETING_VERSION = 1.0;
				PRODUCT_BUNDLE_IDENTIFIER = ETU.Just.RaMUITests;
				PRODUCT_NAME = "$(TARGET_NAME)";
				SWIFT_EMIT_LOC_STRINGS = NO;
				SWIFT_VERSION = 5.0;
				TARGETED_DEVICE_FAMILY = "1,2";
				TEST_TARGET_NAME = RaM;
			};
			name = Debug;
		};
		113339142982AAD700026925 /* Release */ = {
			isa = XCBuildConfiguration;
			buildSettings = {
				ALWAYS_EMBED_SWIFT_STANDARD_LIBRARIES = YES;
				CODE_SIGN_STYLE = Automatic;
				CURRENT_PROJECT_VERSION = 1;
				GENERATE_INFOPLIST_FILE = YES;
				MARKETING_VERSION = 1.0;
				PRODUCT_BUNDLE_IDENTIFIER = ETU.Just.RaMUITests;
				PRODUCT_NAME = "$(TARGET_NAME)";
				SWIFT_EMIT_LOC_STRINGS = NO;
				SWIFT_VERSION = 5.0;
				TARGETED_DEVICE_FAMILY = "1,2";
				TEST_TARGET_NAME = RaM;
			};
			name = Release;
		};
/* End XCBuildConfiguration section */

/* Begin XCConfigurationList section */
		113338DE2982AAD600026925 /* Build configuration list for PBXProject "RaM" */ = {
			isa = XCConfigurationList;
			buildConfigurations = (
				1133390A2982AAD700026925 /* Debug */,
				1133390B2982AAD700026925 /* Release */,
			);
			defaultConfigurationIsVisible = 0;
			defaultConfigurationName = Release;
		};
		1133390C2982AAD700026925 /* Build configuration list for PBXNativeTarget "RaM" */ = {
			isa = XCConfigurationList;
			buildConfigurations = (
				1133390D2982AAD700026925 /* Debug */,
				1133390E2982AAD700026925 /* Release */,
			);
			defaultConfigurationIsVisible = 0;
			defaultConfigurationName = Release;
		};
		1133390F2982AAD700026925 /* Build configuration list for PBXNativeTarget "RaMTests" */ = {
			isa = XCConfigurationList;
			buildConfigurations = (
				113339102982AAD700026925 /* Debug */,
				113339112982AAD700026925 /* Release */,
			);
			defaultConfigurationIsVisible = 0;
			defaultConfigurationName = Release;
		};
		113339122982AAD700026925 /* Build configuration list for PBXNativeTarget "RaMUITests" */ = {
			isa = XCConfigurationList;
			buildConfigurations = (
				113339132982AAD700026925 /* Debug */,
				113339142982AAD700026925 /* Release */,
			);
			defaultConfigurationIsVisible = 0;
			defaultConfigurationName = Release;
		};
/* End XCConfigurationList section */

/* Begin XCRemoteSwiftPackageReference section */
		113339492982C86400026925 /* XCRemoteSwiftPackageReference "Swinject" */ = {
			isa = XCRemoteSwiftPackageReference;
			repositoryURL = "https://github.com/Swinject/Swinject";
			requirement = {
				branch = master;
				kind = branch;
			};
		};
/* End XCRemoteSwiftPackageReference section */

/* Begin XCSwiftPackageProductDependency section */
		1133394A2982C86400026925 /* Swinject */ = {
			isa = XCSwiftPackageProductDependency;
			package = 113339492982C86400026925 /* XCRemoteSwiftPackageReference "Swinject" */;
			productName = Swinject;
		};
/* End XCSwiftPackageProductDependency section */

/* Begin XCVersionGroup section */
		113338F12982AAD700026925 /* RaM.xcdatamodeld */ = {
			isa = XCVersionGroup;
			children = (
				113338F22982AAD700026925 /* RaM.xcdatamodel */,
			);
			currentVersion = 113338F22982AAD700026925 /* RaM.xcdatamodel */;
			path = RaM.xcdatamodeld;
			sourceTree = "<group>";
			versionGroupType = wrapper.xcdatamodel;
		};
/* End XCVersionGroup section */
	};
	rootObject = 113338DB2982AAD600026925 /* Project object */;
}
