// !$*UTF8*$!
{
	archiveVersion = 1;
	classes = {
	};
	objectVersion = 55;
	objects = {

/* Begin PBXBuildFile section */
		101A23AE7F5349B89D9C6220 /* SearchableView.swift in Sources */ = {isa = PBXBuildFile; fileRef = 707C1A07CEDA610AA4932178 /* SearchableView.swift */; };
		1A96A57A4FAE4DA69D562D7B /* CustomTabView.swift in Sources */ = {isa = PBXBuildFile; fileRef = BF4FB3CD186442A6822E0C11 /* CustomTabView.swift */; };
		24E0B6AB20F0D59BAF69D0BE /* PageInfo.swift in Sources */ = {isa = PBXBuildFile; fileRef = 6EF51A0D3D00BE045196C5B9 /* PageInfo.swift */; };
		27D3FBA1BBC3B3F2AEDF7F99 /* Swinject.framework in Frameworks */ = {isa = PBXBuildFile; fileRef = 20C00C5BC8B30CDFC9D7A212 /* Swinject.framework */; };
		28F5E33DA5F735495A62AAFC /* FavoriteRepository.swift in Sources */ = {isa = PBXBuildFile; fileRef = 6988D5104816B02207852BE3 /* FavoriteRepository.swift */; };
		323C8EC7AA02AE0A9B0CDB79 /* Location.swift in Sources */ = {isa = PBXBuildFile; fileRef = F040D656D5F27C8E0A884A04 /* Location.swift */; };
		3C1CA69E4C135B246532116A /* AllCharactersView.swift in Sources */ = {isa = PBXBuildFile; fileRef = 5DE62F438F0027D67BD3EF2D /* AllCharactersView.swift */; };
		463EB9C5F495A102F8B4C6FC /* FavoriteView.swift in Sources */ = {isa = PBXBuildFile; fileRef = C4BFF56A6B48D2AD485CED89 /* FavoriteView.swift */; };
		4E29845A8C0C8DF210E10088 /* DefaultVariables.swift in Sources */ = {isa = PBXBuildFile; fileRef = 358D94C2884F22426D23846C /* DefaultVariables.swift */; };
		4EF7A45C19CC277367252A1B /* PersistenceController.swift in Sources */ = {isa = PBXBuildFile; fileRef = 0259FD7E485228CDEA2FFBAC /* PersistenceController.swift */; };
		5911C6406BB2F14293FDED65 /* RaM.xcdatamodeld in Sources */ = {isa = PBXBuildFile; fileRef = 0FFC845622FCC24A729EC237 /* RaM.xcdatamodeld */; };
		619F44C272A4BC9B1C2DF765 /* Character.swift in Sources */ = {isa = PBXBuildFile; fileRef = 82D562951E39C7029D851736 /* Character.swift */; };
		61F7BF7073C188A225338EFE /* CharactersView.swift in Sources */ = {isa = PBXBuildFile; fileRef = DF11F7D143E9CBEDB42F552D /* CharactersView.swift */; };
		646391533151174EE8F7BC2A /* CharactersPage.swift in Sources */ = {isa = PBXBuildFile; fileRef = 6141B90932116F63971D3977 /* CharactersPage.swift */; };
		777B131C2B14867CCEB51D2E /* NetworkAPI.swift in Sources */ = {isa = PBXBuildFile; fileRef = 066CEF5EDAE2CC3E5EADB914 /* NetworkAPI.swift */; };
		7847B149457675A7BD0CC74E /* SwinjectInit.swift in Sources */ = {isa = PBXBuildFile; fileRef = 539133389A9F8A97EBE398B6 /* SwinjectInit.swift */; };
		7CCC698271D95A3B0D75F337 /* Assets.xcassets in Resources */ = {isa = PBXBuildFile; fileRef = C0049F951BAA3E7EF133D2BE /* Assets.xcassets */; };
		7E6510186A7231E04E56AD2C /* OffsetModifier.swift in Sources */ = {isa = PBXBuildFile; fileRef = 6D6018731A8BE5102AC4158D /* OffsetModifier.swift */; };
		82D3253A31CD506B7EB21324 /* TuistAssets+App.swift in Sources */ = {isa = PBXBuildFile; fileRef = 757B2C3A2F21F3212CCC60D1 /* TuistAssets+App.swift */; };
		8A8EF66298FA6D82E82AEFB1 /* Color+.swift in Sources */ = {isa = PBXBuildFile; fileRef = E086160B7240BA900CD34B55 /* Color+.swift */; };
		9098FA383FD005B76A1A58D8 /* Status.swift in Sources */ = {isa = PBXBuildFile; fileRef = A272EFBE47D6743223FBC5CF /* Status.swift */; };
		931C89AFED9FEC40FF643573 /* ContentView.swift in Sources */ = {isa = PBXBuildFile; fileRef = 8A9F1F33D2B83B7A2113EC65 /* ContentView.swift */; };
		9757609D868D06C59EB5BD08 /* CharacterListView.swift in Sources */ = {isa = PBXBuildFile; fileRef = C54629353B5EFB0E17C5E4BB /* CharacterListView.swift */; };
		977DDF275B00A393BD8F782B /* SearchHandler.swift in Sources */ = {isa = PBXBuildFile; fileRef = 69DA7C25417817412B6E3853 /* SearchHandler.swift */; };
		9D2AAB5C6FC7B8F6519AB31D /* SearchView.swift in Sources */ = {isa = PBXBuildFile; fileRef = B5797A6F8D206174DE86BC78 /* SearchView.swift */; };
		B6A13E21B26F3B7700E753A4 /* FavoriteViewModel.swift in Sources */ = {isa = PBXBuildFile; fileRef = 72C127911E820EF7D4000CAA /* FavoriteViewModel.swift */; };
		B6C374471CC6BDC60B1EABC8 /* FavoriteHandler.swift in Sources */ = {isa = PBXBuildFile; fileRef = 7243A0602148D4E3CCAD3AA8 /* FavoriteHandler.swift */; };
		C47074B12EF610C260A1B59E /* CharacterListHandler.swift in Sources */ = {isa = PBXBuildFile; fileRef = BD1F5CFD4D00364E01369568 /* CharacterListHandler.swift */; };
		C8136791B52DB586B9403157 /* EnvironmentValues+.swift in Sources */ = {isa = PBXBuildFile; fileRef = 2DB9738B0C15DB21929F4696 /* EnvironmentValues+.swift */; };
		CAD48104C112FCA618A24649 /* CharacterView.swift in Sources */ = {isa = PBXBuildFile; fileRef = CF2B63D0A86BF877B784655A /* CharacterView.swift */; };
		CF0E846001AE6942DAE8F907 /* CharacterListViewModel.swift in Sources */ = {isa = PBXBuildFile; fileRef = 9E434CF172C4E0C0A4FF8655 /* CharacterListViewModel.swift */; };
		D6B35D6638E96B1B787EAA37 /* APIHandler.swift in Sources */ = {isa = PBXBuildFile; fileRef = F0ABC401F3695F5CFEA78ED7 /* APIHandler.swift */; };
		DA3340C66841337D707DE9FC /* RaMApp.swift in Sources */ = {isa = PBXBuildFile; fileRef = 8440C1CAE8776A684927FA2E /* RaMApp.swift */; };
		DCAE34E1B2922E2E03A3D1CA /* CharacterItemView.swift in Sources */ = {isa = PBXBuildFile; fileRef = 31F5F238DA44BC2CF265EF52 /* CharacterItemView.swift */; };
		DD7594BB22CBA3AF15BBFA64 /* Container+.swift in Sources */ = {isa = PBXBuildFile; fileRef = 356080E07AF4C9E847BA2A78 /* Container+.swift */; };
		E102FC0FFFA33DC6EEDDB1B7 /* SearchViewModel.swift in Sources */ = {isa = PBXBuildFile; fileRef = 224E47F0B6C1B751A7146B23 /* SearchViewModel.swift */; };
		EC1993B70BBE9B0E5C273CD6 /* Image+.swift in Sources */ = {isa = PBXBuildFile; fileRef = 445263887D30F7D038185EAC /* Image+.swift */; };
		EC989BD1F6B20EF82EC3304B /* LinkSource.swift in Sources */ = {isa = PBXBuildFile; fileRef = 99F6FB31C67029C7FFDD65CA /* LinkSource.swift */; };
		EFF418A021CAC1BC955A4AC7 /* TuistBundle+App.swift in Sources */ = {isa = PBXBuildFile; fileRef = D6871130B8992A1A0AB3D8BB /* TuistBundle+App.swift */; };
/* End PBXBuildFile section */

/* Begin PBXCopyFilesBuildPhase section */
		373EB982138B969C54ED41BA /* Embed Frameworks */ = {
			isa = PBXCopyFilesBuildPhase;
			buildActionMask = 2147483647;
			dstPath = "";
			dstSubfolderSpec = 10;
			files = (
			);
			name = "Embed Frameworks";
			runOnlyForDeploymentPostprocessing = 0;
		};
/* End PBXCopyFilesBuildPhase section */

/* Begin PBXFileReference section */
		0259FD7E485228CDEA2FFBAC /* PersistenceController.swift */ = {isa = PBXFileReference; lastKnownFileType = sourcecode.swift; path = PersistenceController.swift; sourceTree = "<group>"; };
		066CEF5EDAE2CC3E5EADB914 /* NetworkAPI.swift */ = {isa = PBXFileReference; lastKnownFileType = sourcecode.swift; path = NetworkAPI.swift; sourceTree = "<group>"; };
		0AD0343B7BC6E26D1CF82746 /* App.entitlements */ = {isa = PBXFileReference; lastKnownFileType = text.plist.entitlements; path = App.entitlements; sourceTree = "<group>"; };
		16B8D6E1D31B45121C890F02 /* App.app */ = {isa = PBXFileReference; explicitFileType = wrapper.application; includeInIndex = 0; path = App.app; sourceTree = BUILT_PRODUCTS_DIR; };
		20C00C5BC8B30CDFC9D7A212 /* Swinject.framework */ = {isa = PBXFileReference; explicitFileType = wrapper.framework; includeInIndex = 0; path = Swinject.framework; sourceTree = BUILT_PRODUCTS_DIR; };
		224E47F0B6C1B751A7146B23 /* SearchViewModel.swift */ = {isa = PBXFileReference; lastKnownFileType = sourcecode.swift; path = SearchViewModel.swift; sourceTree = "<group>"; };
		2DB9738B0C15DB21929F4696 /* EnvironmentValues+.swift */ = {isa = PBXFileReference; lastKnownFileType = sourcecode.swift; path = "EnvironmentValues+.swift"; sourceTree = "<group>"; };
		31F5F238DA44BC2CF265EF52 /* CharacterItemView.swift */ = {isa = PBXFileReference; lastKnownFileType = sourcecode.swift; path = CharacterItemView.swift; sourceTree = "<group>"; };
		32DFAC83F815420A5B01C95D /* RaM.xcdatamodel */ = {isa = PBXFileReference; lastKnownFileType = wrapper.xcdatamodel; path = RaM.xcdatamodel; sourceTree = "<group>"; };
		356080E07AF4C9E847BA2A78 /* Container+.swift */ = {isa = PBXFileReference; lastKnownFileType = sourcecode.swift; path = "Container+.swift"; sourceTree = "<group>"; };
		358D94C2884F22426D23846C /* DefaultVariables.swift */ = {isa = PBXFileReference; lastKnownFileType = sourcecode.swift; path = DefaultVariables.swift; sourceTree = "<group>"; };
		445263887D30F7D038185EAC /* Image+.swift */ = {isa = PBXFileReference; lastKnownFileType = sourcecode.swift; path = "Image+.swift"; sourceTree = "<group>"; };
		539133389A9F8A97EBE398B6 /* SwinjectInit.swift */ = {isa = PBXFileReference; lastKnownFileType = sourcecode.swift; path = SwinjectInit.swift; sourceTree = "<group>"; };
		5DE62F438F0027D67BD3EF2D /* AllCharactersView.swift */ = {isa = PBXFileReference; lastKnownFileType = sourcecode.swift; path = AllCharactersView.swift; sourceTree = "<group>"; };
		6141B90932116F63971D3977 /* CharactersPage.swift */ = {isa = PBXFileReference; lastKnownFileType = sourcecode.swift; path = CharactersPage.swift; sourceTree = "<group>"; };
		6988D5104816B02207852BE3 /* FavoriteRepository.swift */ = {isa = PBXFileReference; lastKnownFileType = sourcecode.swift; path = FavoriteRepository.swift; sourceTree = "<group>"; };
		69DA7C25417817412B6E3853 /* SearchHandler.swift */ = {isa = PBXFileReference; lastKnownFileType = sourcecode.swift; path = SearchHandler.swift; sourceTree = "<group>"; };
		6D6018731A8BE5102AC4158D /* OffsetModifier.swift */ = {isa = PBXFileReference; lastKnownFileType = sourcecode.swift; path = OffsetModifier.swift; sourceTree = "<group>"; };
		6EF51A0D3D00BE045196C5B9 /* PageInfo.swift */ = {isa = PBXFileReference; lastKnownFileType = sourcecode.swift; path = PageInfo.swift; sourceTree = "<group>"; };
		707C1A07CEDA610AA4932178 /* SearchableView.swift */ = {isa = PBXFileReference; lastKnownFileType = sourcecode.swift; path = SearchableView.swift; sourceTree = "<group>"; };
		7243A0602148D4E3CCAD3AA8 /* FavoriteHandler.swift */ = {isa = PBXFileReference; lastKnownFileType = sourcecode.swift; path = FavoriteHandler.swift; sourceTree = "<group>"; };
		72C127911E820EF7D4000CAA /* FavoriteViewModel.swift */ = {isa = PBXFileReference; lastKnownFileType = sourcecode.swift; path = FavoriteViewModel.swift; sourceTree = "<group>"; };
		757B2C3A2F21F3212CCC60D1 /* TuistAssets+App.swift */ = {isa = PBXFileReference; lastKnownFileType = sourcecode.swift; path = "TuistAssets+App.swift"; sourceTree = "<group>"; };
		82D562951E39C7029D851736 /* Character.swift */ = {isa = PBXFileReference; lastKnownFileType = sourcecode.swift; path = Character.swift; sourceTree = "<group>"; };
		8440C1CAE8776A684927FA2E /* RaMApp.swift */ = {isa = PBXFileReference; lastKnownFileType = sourcecode.swift; path = RaMApp.swift; sourceTree = "<group>"; };
		89FA34A8D56DB385EED7921D /* App-Info.plist */ = {isa = PBXFileReference; lastKnownFileType = text.plist; path = "App-Info.plist"; sourceTree = "<group>"; };
		8A9F1F33D2B83B7A2113EC65 /* ContentView.swift */ = {isa = PBXFileReference; lastKnownFileType = sourcecode.swift; path = ContentView.swift; sourceTree = "<group>"; };
		99F6FB31C67029C7FFDD65CA /* LinkSource.swift */ = {isa = PBXFileReference; lastKnownFileType = sourcecode.swift; path = LinkSource.swift; sourceTree = "<group>"; };
		9E434CF172C4E0C0A4FF8655 /* CharacterListViewModel.swift */ = {isa = PBXFileReference; lastKnownFileType = sourcecode.swift; path = CharacterListViewModel.swift; sourceTree = "<group>"; };
		A272EFBE47D6743223FBC5CF /* Status.swift */ = {isa = PBXFileReference; lastKnownFileType = sourcecode.swift; path = Status.swift; sourceTree = "<group>"; };
		B5797A6F8D206174DE86BC78 /* SearchView.swift */ = {isa = PBXFileReference; lastKnownFileType = sourcecode.swift; path = SearchView.swift; sourceTree = "<group>"; };
		BD1F5CFD4D00364E01369568 /* CharacterListHandler.swift */ = {isa = PBXFileReference; lastKnownFileType = sourcecode.swift; path = CharacterListHandler.swift; sourceTree = "<group>"; };
		BF4FB3CD186442A6822E0C11 /* CustomTabView.swift */ = {isa = PBXFileReference; lastKnownFileType = sourcecode.swift; path = CustomTabView.swift; sourceTree = "<group>"; };
		C0049F951BAA3E7EF133D2BE /* Assets.xcassets */ = {isa = PBXFileReference; lastKnownFileType = folder.assetcatalog; path = Assets.xcassets; sourceTree = "<group>"; };
		C4BFF56A6B48D2AD485CED89 /* FavoriteView.swift */ = {isa = PBXFileReference; lastKnownFileType = sourcecode.swift; path = FavoriteView.swift; sourceTree = "<group>"; };
		C54629353B5EFB0E17C5E4BB /* CharacterListView.swift */ = {isa = PBXFileReference; lastKnownFileType = sourcecode.swift; path = CharacterListView.swift; sourceTree = "<group>"; };
		CF2B63D0A86BF877B784655A /* CharacterView.swift */ = {isa = PBXFileReference; lastKnownFileType = sourcecode.swift; path = CharacterView.swift; sourceTree = "<group>"; };
		D6871130B8992A1A0AB3D8BB /* TuistBundle+App.swift */ = {isa = PBXFileReference; lastKnownFileType = sourcecode.swift; path = "TuistBundle+App.swift"; sourceTree = "<group>"; };
		DF11F7D143E9CBEDB42F552D /* CharactersView.swift */ = {isa = PBXFileReference; lastKnownFileType = sourcecode.swift; path = CharactersView.swift; sourceTree = "<group>"; };
		E086160B7240BA900CD34B55 /* Color+.swift */ = {isa = PBXFileReference; lastKnownFileType = sourcecode.swift; path = "Color+.swift"; sourceTree = "<group>"; };
		F040D656D5F27C8E0A884A04 /* Location.swift */ = {isa = PBXFileReference; lastKnownFileType = sourcecode.swift; path = Location.swift; sourceTree = "<group>"; };
		F0ABC401F3695F5CFEA78ED7 /* APIHandler.swift */ = {isa = PBXFileReference; lastKnownFileType = sourcecode.swift; path = APIHandler.swift; sourceTree = "<group>"; };
/* End PBXFileReference section */

/* Begin PBXFrameworksBuildPhase section */
		105104EBBB815067A6CC2B81 /* Frameworks */ = {
			isa = PBXFrameworksBuildPhase;
			buildActionMask = 2147483647;
			files = (
				27D3FBA1BBC3B3F2AEDF7F99 /* Swinject.framework in Frameworks */,
			);
			runOnlyForDeploymentPostprocessing = 0;
		};
/* End PBXFrameworksBuildPhase section */

/* Begin PBXGroup section */
		112BB203F820FA778B8D2439 /* Sources */ = {
			isa = PBXGroup;
			children = (
				88217818E305DB7E73F3CD7D /* Components */,
				F5DC21D37A87D62D005FE575 /* Extension */,
				3EBF8F7AB8899441A01DAD88 /* Model */,
				F8BA17E436AB2EA42578C55D /* Utilities */,
				907DB2A48E282B38C03A52AD /* VVM */,
				8A9F1F33D2B83B7A2113EC65 /* ContentView.swift */,
				8440C1CAE8776A684927FA2E /* RaMApp.swift */,
			);
			path = Sources;
			sourceTree = "<group>";
		};
		3EBF8F7AB8899441A01DAD88 /* Model */ = {
			isa = PBXGroup;
			children = (
				82D562951E39C7029D851736 /* Character.swift */,
				6141B90932116F63971D3977 /* CharactersPage.swift */,
				F040D656D5F27C8E0A884A04 /* Location.swift */,
				6EF51A0D3D00BE045196C5B9 /* PageInfo.swift */,
				A272EFBE47D6743223FBC5CF /* Status.swift */,
			);
			path = Model;
			sourceTree = "<group>";
		};
		502B8433370B8B58A57416DE /* Sources */ = {
			isa = PBXGroup;
			children = (
				757B2C3A2F21F3212CCC60D1 /* TuistAssets+App.swift */,
				D6871130B8992A1A0AB3D8BB /* TuistBundle+App.swift */,
			);
			path = Sources;
			sourceTree = "<group>";
		};
		57DC852BDC019656A1A7D6AF /* Search */ = {
			isa = PBXGroup;
			children = (
				B5797A6F8D206174DE86BC78 /* SearchView.swift */,
				224E47F0B6C1B751A7146B23 /* SearchViewModel.swift */,
			);
			path = Search;
			sourceTree = "<group>";
		};
		651FE1D106C922F38929EF04 /* Products */ = {
			isa = PBXGroup;
			children = (
				16B8D6E1D31B45121C890F02 /* App.app */,
				20C00C5BC8B30CDFC9D7A212 /* Swinject.framework */,
			);
			name = Products;
			sourceTree = "<group>";
		};
		88217818E305DB7E73F3CD7D /* Components */ = {
			isa = PBXGroup;
			children = (
				BF4FB3CD186442A6822E0C11 /* CustomTabView.swift */,
				707C1A07CEDA610AA4932178 /* SearchableView.swift */,
			);
			path = Components;
			sourceTree = "<group>";
		};
		907DB2A48E282B38C03A52AD /* VVM */ = {
			isa = PBXGroup;
			children = (
				E21B7605B9459DE7C3A9A3EB /* AllCharacters */,
				F95C79BF37F866547D02EFF4 /* Favorite */,
				57DC852BDC019656A1A7D6AF /* Search */,
				31F5F238DA44BC2CF265EF52 /* CharacterItemView.swift */,
				C54629353B5EFB0E17C5E4BB /* CharacterListView.swift */,
				DF11F7D143E9CBEDB42F552D /* CharactersView.swift */,
				CF2B63D0A86BF877B784655A /* CharacterView.swift */,
			);
			path = VVM;
			sourceTree = "<group>";
		};
		954820A077BFF4DD46B8F516 /* App */ = {
			isa = PBXGroup;
			children = (
				A9ED0A06A33354A0ACEBCDE3 /* Resources */,
				112BB203F820FA778B8D2439 /* Sources */,
				0AD0343B7BC6E26D1CF82746 /* App.entitlements */,
			);
			path = App;
			sourceTree = "<group>";
		};
		987EAA526423828E8D641529 = {
			isa = PBXGroup;
			children = (
				FD2420E45899EBB3FC54AF80 /* Project */,
				651FE1D106C922F38929EF04 /* Products */,
			);
			sourceTree = "<group>";
		};
		A9ED0A06A33354A0ACEBCDE3 /* Resources */ = {
			isa = PBXGroup;
			children = (
				0FFC845622FCC24A729EC237 /* RaM.xcdatamodeld */,
				C0049F951BAA3E7EF133D2BE /* Assets.xcassets */,
			);
			path = Resources;
			sourceTree = "<group>";
		};
		C78756C102C50E126905866B /* Derived */ = {
			isa = PBXGroup;
			children = (
				C9EC2CFCD45B295AC5C3FDF7 /* InfoPlists */,
				502B8433370B8B58A57416DE /* Sources */,
			);
			path = Derived;
			sourceTree = "<group>";
		};
		C9EC2CFCD45B295AC5C3FDF7 /* InfoPlists */ = {
			isa = PBXGroup;
			children = (
				89FA34A8D56DB385EED7921D /* App-Info.plist */,
			);
			path = InfoPlists;
			sourceTree = "<group>";
		};
		E21B7605B9459DE7C3A9A3EB /* AllCharacters */ = {
			isa = PBXGroup;
			children = (
				5DE62F438F0027D67BD3EF2D /* AllCharactersView.swift */,
				9E434CF172C4E0C0A4FF8655 /* CharacterListViewModel.swift */,
			);
			path = AllCharacters;
			sourceTree = "<group>";
		};
		F5DC21D37A87D62D005FE575 /* Extension */ = {
			isa = PBXGroup;
			children = (
				E086160B7240BA900CD34B55 /* Color+.swift */,
				356080E07AF4C9E847BA2A78 /* Container+.swift */,
				2DB9738B0C15DB21929F4696 /* EnvironmentValues+.swift */,
				445263887D30F7D038185EAC /* Image+.swift */,
			);
			path = Extension;
			sourceTree = "<group>";
		};
		F8BA17E436AB2EA42578C55D /* Utilities */ = {
			isa = PBXGroup;
			children = (
				F0ABC401F3695F5CFEA78ED7 /* APIHandler.swift */,
				BD1F5CFD4D00364E01369568 /* CharacterListHandler.swift */,
				358D94C2884F22426D23846C /* DefaultVariables.swift */,
				7243A0602148D4E3CCAD3AA8 /* FavoriteHandler.swift */,
				6988D5104816B02207852BE3 /* FavoriteRepository.swift */,
				99F6FB31C67029C7FFDD65CA /* LinkSource.swift */,
				066CEF5EDAE2CC3E5EADB914 /* NetworkAPI.swift */,
				6D6018731A8BE5102AC4158D /* OffsetModifier.swift */,
				0259FD7E485228CDEA2FFBAC /* PersistenceController.swift */,
				69DA7C25417817412B6E3853 /* SearchHandler.swift */,
				539133389A9F8A97EBE398B6 /* SwinjectInit.swift */,
			);
			path = Utilities;
			sourceTree = "<group>";
		};
		F95C79BF37F866547D02EFF4 /* Favorite */ = {
			isa = PBXGroup;
			children = (
				C4BFF56A6B48D2AD485CED89 /* FavoriteView.swift */,
				72C127911E820EF7D4000CAA /* FavoriteViewModel.swift */,
			);
			path = Favorite;
			sourceTree = "<group>";
		};
		FD2420E45899EBB3FC54AF80 /* Project */ = {
			isa = PBXGroup;
			children = (
				954820A077BFF4DD46B8F516 /* App */,
				C78756C102C50E126905866B /* Derived */,
			);
			name = Project;
			sourceTree = "<group>";
		};
/* End PBXGroup section */

/* Begin PBXNativeTarget section */
		B758B33B47FF9DFE7A7742FE /* App */ = {
			isa = PBXNativeTarget;
			buildConfigurationList = 488AD8C42418C55F8A1F90C1 /* Build configuration list for PBXNativeTarget "App" */;
			buildPhases = (
				07CF943948B037EBAED702B1 /* Sources */,
				6BCA9A0A095171D77742DD2C /* Resources */,
				373EB982138B969C54ED41BA /* Embed Frameworks */,
				105104EBBB815067A6CC2B81 /* Frameworks */,
			);
			buildRules = (
			);
			dependencies = (
			);
			name = App;
			packageProductDependencies = (
			);
			productName = App;
			productReference = 16B8D6E1D31B45121C890F02 /* App.app */;
			productType = "com.apple.product-type.application";
		};
/* End PBXNativeTarget section */

/* Begin PBXProject section */
		B4C56CA8ED58D532E0BF7C24 /* Project object */ = {
			isa = PBXProject;
			attributes = {
				BuildIndependentTargetsInParallel = YES;
				TargetAttributes = {
				};
			};
			buildConfigurationList = C74159262380540E3F0BD9EF /* Build configuration list for PBXProject "RaM" */;
			compatibilityVersion = "Xcode 14.0";
			developmentRegion = en;
			hasScannedForEncodings = 0;
			knownRegions = (
				Base,
				en,
			);
			mainGroup = 987EAA526423828E8D641529;
			productRefGroup = 651FE1D106C922F38929EF04 /* Products */;
			projectDirPath = "";
			projectRoot = "";
			targets = (
				B758B33B47FF9DFE7A7742FE /* App */,
			);
		};
/* End PBXProject section */

/* Begin PBXResourcesBuildPhase section */
		6BCA9A0A095171D77742DD2C /* Resources */ = {
			isa = PBXResourcesBuildPhase;
			buildActionMask = 2147483647;
			files = (
				7CCC698271D95A3B0D75F337 /* Assets.xcassets in Resources */,
			);
			runOnlyForDeploymentPostprocessing = 0;
		};
/* End PBXResourcesBuildPhase section */

/* Begin PBXSourcesBuildPhase section */
		07CF943948B037EBAED702B1 /* Sources */ = {
			isa = PBXSourcesBuildPhase;
			buildActionMask = 2147483647;
			files = (
				1A96A57A4FAE4DA69D562D7B /* CustomTabView.swift in Sources */,
				101A23AE7F5349B89D9C6220 /* SearchableView.swift in Sources */,
				931C89AFED9FEC40FF643573 /* ContentView.swift in Sources */,
				8A8EF66298FA6D82E82AEFB1 /* Color+.swift in Sources */,
				DD7594BB22CBA3AF15BBFA64 /* Container+.swift in Sources */,
				C8136791B52DB586B9403157 /* EnvironmentValues+.swift in Sources */,
				EC1993B70BBE9B0E5C273CD6 /* Image+.swift in Sources */,
				619F44C272A4BC9B1C2DF765 /* Character.swift in Sources */,
				646391533151174EE8F7BC2A /* CharactersPage.swift in Sources */,
				323C8EC7AA02AE0A9B0CDB79 /* Location.swift in Sources */,
				24E0B6AB20F0D59BAF69D0BE /* PageInfo.swift in Sources */,
				9098FA383FD005B76A1A58D8 /* Status.swift in Sources */,
				DA3340C66841337D707DE9FC /* RaMApp.swift in Sources */,
				D6B35D6638E96B1B787EAA37 /* APIHandler.swift in Sources */,
				C47074B12EF610C260A1B59E /* CharacterListHandler.swift in Sources */,
				4E29845A8C0C8DF210E10088 /* DefaultVariables.swift in Sources */,
				B6C374471CC6BDC60B1EABC8 /* FavoriteHandler.swift in Sources */,
				28F5E33DA5F735495A62AAFC /* FavoriteRepository.swift in Sources */,
				EC989BD1F6B20EF82EC3304B /* LinkSource.swift in Sources */,
				777B131C2B14867CCEB51D2E /* NetworkAPI.swift in Sources */,
				7E6510186A7231E04E56AD2C /* OffsetModifier.swift in Sources */,
				4EF7A45C19CC277367252A1B /* PersistenceController.swift in Sources */,
				977DDF275B00A393BD8F782B /* SearchHandler.swift in Sources */,
				7847B149457675A7BD0CC74E /* SwinjectInit.swift in Sources */,
				3C1CA69E4C135B246532116A /* AllCharactersView.swift in Sources */,
				CF0E846001AE6942DAE8F907 /* CharacterListViewModel.swift in Sources */,
				DCAE34E1B2922E2E03A3D1CA /* CharacterItemView.swift in Sources */,
				9757609D868D06C59EB5BD08 /* CharacterListView.swift in Sources */,
				CAD48104C112FCA618A24649 /* CharacterView.swift in Sources */,
				61F7BF7073C188A225338EFE /* CharactersView.swift in Sources */,
				463EB9C5F495A102F8B4C6FC /* FavoriteView.swift in Sources */,
				B6A13E21B26F3B7700E753A4 /* FavoriteViewModel.swift in Sources */,
				9D2AAB5C6FC7B8F6519AB31D /* SearchView.swift in Sources */,
				E102FC0FFFA33DC6EEDDB1B7 /* SearchViewModel.swift in Sources */,
				82D3253A31CD506B7EB21324 /* TuistAssets+App.swift in Sources */,
				EFF418A021CAC1BC955A4AC7 /* TuistBundle+App.swift in Sources */,
				5911C6406BB2F14293FDED65 /* RaM.xcdatamodeld in Sources */,
			);
			runOnlyForDeploymentPostprocessing = 0;
		};
/* End PBXSourcesBuildPhase section */

/* Begin XCBuildConfiguration section */
		680CF1CBA6426CE29E0E3A12 /* Release */ = {
			isa = XCBuildConfiguration;
			buildSettings = {
				ASSETCATALOG_COMPILER_APPICON_NAME = AppIcon;
				CODE_SIGN_ENTITLEMENTS = App/App.entitlements;
				CODE_SIGN_IDENTITY = "iPhone Developer";
				DERIVE_MACCATALYST_PRODUCT_BUNDLE_IDENTIFIER = YES;
				DEVELOPMENT_TEAM = YUZLMRGGBB;
				ENABLE_PREVIEWS = YES;
				INFOPLIST_FILE = "Derived/InfoPlists/App-Info.plist";
				LD_RUNPATH_SEARCH_PATHS = (
					"$(inherited)",
					"@executable_path/Frameworks",
				);
				PRODUCT_BUNDLE_IDENTIFIER = com.ram.debug;
				PRODUCT_NAME = App;
				SDKROOT = iphoneos;
				SUPPORTS_MACCATALYST = YES;
				SUPPORTS_MAC_DESIGNED_FOR_IPHONE_IPAD = NO;
				SUPPORTS_XR_DESIGNED_FOR_IPHONE_IPAD = NO;
				SWIFT_COMPILATION_MODE = wholemodule;
				SWIFT_OPTIMIZATION_LEVEL = "-Owholemodule";
				SWIFT_VERSION = 5.0;
				TARGETED_DEVICE_FAMILY = "1,2";
			};
			name = Release;
		};
		9C176DAEEEAFDA861D232537 /* Debug */ = {
			isa = XCBuildConfiguration;
			buildSettings = {
				ALWAYS_SEARCH_USER_PATHS = NO;
				CLANG_ANALYZER_LOCALIZABILITY_NONLOCALIZED = YES;
				CLANG_ANALYZER_NONNULL = YES;
				CLANG_ANALYZER_NUMBER_OBJECT_CONVERSION = YES_AGGRESSIVE;
				CLANG_CXX_LANGUAGE_STANDARD = "gnu++14";
				CLANG_CXX_LIBRARY = "libc++";
				CLANG_ENABLE_MODULES = YES;
				CLANG_ENABLE_OBJC_ARC = YES;
				CLANG_ENABLE_OBJC_WEAK = YES;
				CLANG_WARN_BLOCK_CAPTURE_AUTORELEASING = YES;
				CLANG_WARN_BOOL_CONVERSION = YES;
				CLANG_WARN_COMMA = YES;
				CLANG_WARN_CONSTANT_CONVERSION = YES;
				CLANG_WARN_DEPRECATED_OBJC_IMPLEMENTATIONS = YES;
				CLANG_WARN_DIRECT_OBJC_ISA_USAGE = YES_ERROR;
				CLANG_WARN_DOCUMENTATION_COMMENTS = YES;
				CLANG_WARN_EMPTY_BODY = YES;
				CLANG_WARN_ENUM_CONVERSION = YES;
				CLANG_WARN_INFINITE_RECURSION = YES;
				CLANG_WARN_INT_CONVERSION = YES;
				CLANG_WARN_NON_LITERAL_NULL_CONVERSION = YES;
				CLANG_WARN_OBJC_IMPLICIT_RETAIN_SELF = YES;
				CLANG_WARN_OBJC_LITERAL_CONVERSION = YES;
				CLANG_WARN_OBJC_ROOT_CLASS = YES_ERROR;
				CLANG_WARN_QUOTED_INCLUDE_IN_FRAMEWORK_HEADER = YES;
				CLANG_WARN_RANGE_LOOP_ANALYSIS = YES;
				CLANG_WARN_STRICT_PROTOTYPES = YES;
				CLANG_WARN_SUSPICIOUS_MOVE = YES;
				CLANG_WARN_UNGUARDED_AVAILABILITY = YES_AGGRESSIVE;
				CLANG_WARN_UNREACHABLE_CODE = YES;
				CLANG_WARN__DUPLICATE_METHOD_MATCH = YES;
				COPY_PHASE_STRIP = NO;
				DEAD_CODE_STRIPPING = YES;
				DEBUG_INFORMATION_FORMAT = dwarf;
				ENABLE_STRICT_OBJC_MSGSEND = YES;
				ENABLE_TESTABILITY = YES;
				GCC_C_LANGUAGE_STANDARD = gnu11;
				GCC_DYNAMIC_NO_PIC = NO;
				GCC_NO_COMMON_BLOCKS = YES;
				GCC_OPTIMIZATION_LEVEL = 0;
				GCC_PREPROCESSOR_DEFINITIONS = (
					"DEBUG=1",
					"$(inherited)",
				);
				GCC_WARN_64_TO_32_BIT_CONVERSION = YES;
				GCC_WARN_ABOUT_RETURN_TYPE = YES_ERROR;
				GCC_WARN_UNDECLARED_SELECTOR = YES;
				GCC_WARN_UNINITIALIZED_AUTOS = YES_AGGRESSIVE;
				GCC_WARN_UNUSED_FUNCTION = YES;
				GCC_WARN_UNUSED_VARIABLE = YES;
				MTL_ENABLE_DEBUG_INFO = YES;
				ONLY_ACTIVE_ARCH = YES;
				PRODUCT_NAME = "$(TARGET_NAME)";
			};
			name = Debug;
		};
		A1D2516013B20FFB7CD27FFD /* Release */ = {
			isa = XCBuildConfiguration;
			buildSettings = {
				ALWAYS_SEARCH_USER_PATHS = NO;
				CLANG_ANALYZER_LOCALIZABILITY_NONLOCALIZED = YES;
				CLANG_ANALYZER_NONNULL = YES;
				CLANG_ANALYZER_NUMBER_OBJECT_CONVERSION = YES_AGGRESSIVE;
				CLANG_CXX_LANGUAGE_STANDARD = "gnu++14";
				CLANG_CXX_LIBRARY = "libc++";
				CLANG_ENABLE_MODULES = YES;
				CLANG_ENABLE_OBJC_ARC = YES;
				CLANG_ENABLE_OBJC_WEAK = YES;
				CLANG_WARN_BLOCK_CAPTURE_AUTORELEASING = YES;
				CLANG_WARN_BOOL_CONVERSION = YES;
				CLANG_WARN_COMMA = YES;
				CLANG_WARN_CONSTANT_CONVERSION = YES;
				CLANG_WARN_DEPRECATED_OBJC_IMPLEMENTATIONS = YES;
				CLANG_WARN_DIRECT_OBJC_ISA_USAGE = YES_ERROR;
				CLANG_WARN_DOCUMENTATION_COMMENTS = YES;
				CLANG_WARN_EMPTY_BODY = YES;
				CLANG_WARN_ENUM_CONVERSION = YES;
				CLANG_WARN_INFINITE_RECURSION = YES;
				CLANG_WARN_INT_CONVERSION = YES;
				CLANG_WARN_NON_LITERAL_NULL_CONVERSION = YES;
				CLANG_WARN_OBJC_IMPLICIT_RETAIN_SELF = YES;
				CLANG_WARN_OBJC_LITERAL_CONVERSION = YES;
				CLANG_WARN_OBJC_ROOT_CLASS = YES_ERROR;
				CLANG_WARN_QUOTED_INCLUDE_IN_FRAMEWORK_HEADER = YES;
				CLANG_WARN_RANGE_LOOP_ANALYSIS = YES;
				CLANG_WARN_STRICT_PROTOTYPES = YES;
				CLANG_WARN_SUSPICIOUS_MOVE = YES;
				CLANG_WARN_UNGUARDED_AVAILABILITY = YES_AGGRESSIVE;
				CLANG_WARN_UNREACHABLE_CODE = YES;
				CLANG_WARN__DUPLICATE_METHOD_MATCH = YES;
				COPY_PHASE_STRIP = NO;
				DEAD_CODE_STRIPPING = YES;
				DEBUG_INFORMATION_FORMAT = "dwarf-with-dsym";
				ENABLE_NS_ASSERTIONS = NO;
				ENABLE_STRICT_OBJC_MSGSEND = YES;
				GCC_C_LANGUAGE_STANDARD = gnu11;
				GCC_NO_COMMON_BLOCKS = YES;
				GCC_WARN_64_TO_32_BIT_CONVERSION = YES;
				GCC_WARN_ABOUT_RETURN_TYPE = YES_ERROR;
				GCC_WARN_UNDECLARED_SELECTOR = YES;
				GCC_WARN_UNINITIALIZED_AUTOS = YES_AGGRESSIVE;
				GCC_WARN_UNUSED_FUNCTION = YES;
				GCC_WARN_UNUSED_VARIABLE = YES;
				MTL_ENABLE_DEBUG_INFO = NO;
				PRODUCT_NAME = "$(TARGET_NAME)";
				VALIDATE_PRODUCT = YES;
			};
			name = Release;
		};
		FE76A4351DAA2B85CF62DCA0 /* Debug */ = {
			isa = XCBuildConfiguration;
			buildSettings = {
				ASSETCATALOG_COMPILER_APPICON_NAME = AppIcon;
				CODE_SIGN_ENTITLEMENTS = App/App.entitlements;
				CODE_SIGN_IDENTITY = "iPhone Developer";
				DERIVE_MACCATALYST_PRODUCT_BUNDLE_IDENTIFIER = YES;
				DEVELOPMENT_TEAM = YUZLMRGGBB;
				ENABLE_PREVIEWS = YES;
				INFOPLIST_FILE = "Derived/InfoPlists/App-Info.plist";
				LD_RUNPATH_SEARCH_PATHS = (
					"$(inherited)",
					"@executable_path/Frameworks",
				);
				PRODUCT_BUNDLE_IDENTIFIER = com.ram.debug;
				PRODUCT_NAME = App;
				SDKROOT = iphoneos;
				SUPPORTS_MACCATALYST = YES;
				SUPPORTS_MAC_DESIGNED_FOR_IPHONE_IPAD = NO;
				SUPPORTS_XR_DESIGNED_FOR_IPHONE_IPAD = NO;
				SWIFT_ACTIVE_COMPILATION_CONDITIONS = (
					"$(inherited)",
					DEBUG,
				);
				SWIFT_COMPILATION_MODE = singlefile;
				SWIFT_OPTIMIZATION_LEVEL = "-Onone";
				SWIFT_VERSION = 5.0;
				TARGETED_DEVICE_FAMILY = "1,2";
			};
			name = Debug;
		};
/* End XCBuildConfiguration section */

/* Begin XCConfigurationList section */
		488AD8C42418C55F8A1F90C1 /* Build configuration list for PBXNativeTarget "App" */ = {
			isa = XCConfigurationList;
			buildConfigurations = (
				FE76A4351DAA2B85CF62DCA0 /* Debug */,
				680CF1CBA6426CE29E0E3A12 /* Release */,
			);
			defaultConfigurationIsVisible = 0;
			defaultConfigurationName = Release;
		};
		C74159262380540E3F0BD9EF /* Build configuration list for PBXProject "RaM" */ = {
			isa = XCConfigurationList;
			buildConfigurations = (
				9C176DAEEEAFDA861D232537 /* Debug */,
				A1D2516013B20FFB7CD27FFD /* Release */,
			);
			defaultConfigurationIsVisible = 0;
			defaultConfigurationName = Release;
		};
/* End XCConfigurationList section */

/* Begin XCVersionGroup section */
		0FFC845622FCC24A729EC237 /* RaM.xcdatamodeld */ = {
			isa = XCVersionGroup;
			children = (
				32DFAC83F815420A5B01C95D /* RaM.xcdatamodel */,
			);
			currentVersion = 32DFAC83F815420A5B01C95D /* RaM.xcdatamodel */;
			path = RaM.xcdatamodeld;
			sourceTree = "<group>";
			versionGroupType = wrapper.xcdatamodel;
		};
/* End XCVersionGroup section */
	};
	rootObject = B4C56CA8ED58D532E0BF7C24 /* Project object */;
}
